
Microsoft Visual Studio Solution File, Format Version 12.00
# Visual Studio Version 16
VisualStudioVersion = 16.0.29613.14
MinimumVisualStudioVersion = 10.0.40219.1
Project("{9A19103F-16F7-4668-BE54-9A1E7A4F7556}") = "Blazui.Docs", "src\Blazui.Docs\Blazui.Docs.csproj", "{49DD1194-A138-427B-8DE1-224CFB8C6AEE}"
EndProject
Project("{2150E333-8FDC-42A3-9474-1A3956D46DE8}") = "src", "src", "{2DCA3CF5-A9C9-4445-BEA2-F4E83B16A568}"
EndProject
Project("{2150E333-8FDC-42A3-9474-1A3956D46DE8}") = "dependencies", "dependencies", "{C93BB15B-10DC-45DF-8DC0-28F0B0F901FA}"
EndProject
Project("{9A19103F-16F7-4668-BE54-9A1E7A4F7556}") = "Blazui.Component", "..\Blazui\src\Blazui.Component\Blazui.Component.csproj", "{E63EDE32-7D35-422D-AE37-F376A16B41FC}"
EndProject
Project("{9A19103F-16F7-4668-BE54-9A1E7A4F7556}") = "Blazui.Markdown", "..\Blazui.Markdown\src\Blazui.Markdown\Blazui.Markdown.csproj", "{216BAD6B-30D3-4B7B-A085-C6C803B34D26}"
EndProject
Project("{FAE04EC0-301F-11D3-BF4B-00C04F79EFBC}") = "Blazui.Docs.Model", "src\Blazui.Docs.Model\Blazui.Docs.Model.csproj", "{27ABE120-F3E3-4E20-B767-C28C8703F421}"
EndProject
Global
	GlobalSection(SolutionConfigurationPlatforms) = preSolution
		Debug|Any CPU = Debug|Any CPU
		Release|Any CPU = Release|Any CPU
	EndGlobalSection
	GlobalSection(ProjectConfigurationPlatforms) = postSolution
		{49DD1194-A138-427B-8DE1-224CFB8C6AEE}.Debug|Any CPU.ActiveCfg = Debug|Any CPU
		{49DD1194-A138-427B-8DE1-224CFB8C6AEE}.Debug|Any CPU.Build.0 = Debug|Any CPU
		{49DD1194-A138-427B-8DE1-224CFB8C6AEE}.Release|Any CPU.ActiveCfg = Release|Any CPU
		{49DD1194-A138-427B-8DE1-224CFB8C6AEE}.Release|Any CPU.Build.0 = Release|Any CPU
		{E63EDE32-7D35-422D-AE37-F376A16B41FC}.Debug|Any CPU.ActiveCfg = Debug|Any CPU
		{E63EDE32-7D35-422D-AE37-F376A16B41FC}.Debug|Any CPU.Build.0 = Debug|Any CPU
		{E63EDE32-7D35-422D-AE37-F376A16B41FC}.Release|Any CPU.ActiveCfg = Release|Any CPU
		{E63EDE32-7D35-422D-AE37-F376A16B41FC}.Release|Any CPU.Build.0 = Release|Any CPU
		{216BAD6B-30D3-4B7B-A085-C6C803B34D26}.Debug|Any CPU.ActiveCfg = Debug|Any CPU
		{216BAD6B-30D3-4B7B-A085-C6C803B34D26}.Debug|Any CPU.Build.0 = Debug|Any CPU
		{216BAD6B-30D3-4B7B-A085-C6C803B34D26}.Release|Any CPU.ActiveCfg = Release|Any CPU
		{216BAD6B-30D3-4B7B-A085-C6C803B34D26}.Release|Any CPU.Build.0 = Release|Any CPU
		{27ABE120-F3E3-4E20-B767-C28C8703F421}.Debug|Any CPU.ActiveCfg = Debug|Any CPU
		{27ABE120-F3E3-4E20-B767-C28C8703F421}.Debug|Any CPU.Build.0 = Debug|Any CPU
		{27ABE120-F3E3-4E20-B767-C28C8703F421}.Release|Any CPU.ActiveCfg = Release|Any CPU
		{27ABE120-F3E3-4E20-B767-C28C8703F421}.Release|Any CPU.Build.0 = Release|Any CPU
	EndGlobalSection
	GlobalSection(SolutionProperties) = preSolution
		HideSolutionNode = FALSE
	EndGlobalSection
	GlobalSection(NestedProjects) = preSolution
		{49DD1194-A138-427B-8DE1-224CFB8C6AEE} = {2DCA3CF5-A9C9-4445-BEA2-F4E83B16A568}
		{E63EDE32-7D35-422D-AE37-F376A16B41FC} = {C93BB15B-10DC-45DF-8DC0-28F0B0F901FA}
		{216BAD6B-30D3-4B7B-A085-C6C803B34D26} = {C93BB15B-10DC-45DF-8DC0-28F0B0F901FA}
		{27ABE120-F3E3-4E20-B767-C28C8703F421} = {2DCA3CF5-A9C9-4445-BEA2-F4E83B16A568}
	EndGlobalSection
	GlobalSection(ExtensibilityGlobals) = postSolution
		SolutionGuid = {FC288CF8-12FE-42C3-8BE6-DB809E0D8ED7}
	EndGlobalSection
EndGlobal
